
Microsoft Visual Studio Solution File, Format Version 12.00
# Visual Studio 15
VisualStudioVersion = 15.0.28307.168
MinimumVisualStudioVersion = 10.0.40219.1
Project("{FAE04EC0-301F-11D3-BF4B-00C04F79EFBC}") = "User Registration", "User Registration\User Registration.csproj", "{524CD69C-2992-48A7-B8BC-562E43220BAB}"
EndProject
Global
	GlobalSection(SolutionConfigurationPlatforms) = preSolution
		Debug|Any CPU = Debug|Any CPU
		Release|Any CPU = Release|Any CPU
	EndGlobalSection
	GlobalSection(ProjectConfigurationPlatforms) = postSolution
		{524CD69C-2992-48A7-B8BC-562E43220BAB}.Debug|Any CPU.ActiveCfg = Debug|Any CPU
		{524CD69C-2992-48A7-B8BC-562E43220BAB}.Debug|Any CPU.Build.0 = Debug|Any CPU
		{524CD69C-2992-48A7-B8BC-562E43220BAB}.Release|Any CPU.ActiveCfg = Release|Any CPU
		{524CD69C-2992-48A7-B8BC-562E43220BAB}.Release|Any CPU.Build.0 = Release|Any CPU
	EndGlobalSection
	GlobalSection(SolutionProperties) = preSolution
		HideSolutionNode = FALSE
	EndGlobalSection
	GlobalSection(ExtensibilityGlobals) = postSolution
		SolutionGuid = {876F059C-90ED-4F98-9AEB-1519BF7EB27B}
	EndGlobalSection
EndGlobal
